// !$*UTF8*$!
{
	archiveVersion = 1;
	classes = {
	};
	objectVersion = 46;
	objects = {

/* Begin PBXBuildFile section */
		70953D10182D185900FC5524 /* main.cpp in Sources */ = {isa = PBXBuildFile; fileRef = 70953D0F182D185900FC5524 /* main.cpp */; };
		70953D12182D185900FC5524 /* MySQL_linux.1 in CopyFiles */ = {isa = PBXBuildFile; fileRef = 70953D11182D185900FC5524 /* MySQL_linux.1 */; };
/* End PBXBuildFile section */

/* Begin PBXCopyFilesBuildPhase section */
		70953D0A182D185900FC5524 /* CopyFiles */ = {
			isa = PBXCopyFilesBuildPhase;
			buildActionMask = 2147483647;
			dstPath = /usr/share/man/man1/;
			dstSubfolderSpec = 0;
			files = (
				70953D12182D185900FC5524 /* MySQL_linux.1 in CopyFiles */,
			);
			runOnlyForDeploymentPostprocessing = 1;
		};
/* End PBXCopyFilesBuildPhase section */

/* Begin PBXFileReference section */
		70953D0C182D185900FC5524 /* MySQL-linux */ = {isa = PBXFileReference; explicitFileType = "compiled.mach-o.executable"; includeInIndex = 0; path = "MySQL-linux"; sourceTree = BUILT_PRODUCTS_DIR; };
		70953D0F182D185900FC5524 /* main.cpp */ = {isa = PBXFileReference; lastKnownFileType = sourcecode.cpp.cpp; path = main.cpp; sourceTree = "<group>"; };
		70953D11182D185900FC5524 /* MySQL_linux.1 */ = {isa = PBXFileReference; lastKnownFileType = text.man; path = MySQL_linux.1; sourceTree = "<group>"; };
/* End PBXFileReference section */

/* Begin PBXFrameworksBuildPhase section */
		70953D09182D185900FC5524 /* Frameworks */ = {
			isa = PBXFrameworksBuildPhase;
			buildActionMask = 2147483647;
			files = (
			);
			runOnlyForDeploymentPostprocessing = 0;
		};
/* End PBXFrameworksBuildPhase section */

/* Begin PBXGroup section */
		70953D03182D185900FC5524 = {
			isa = PBXGroup;
			children = (
				70953D0E182D185900FC5524 /* MySQL-linux */,
				70953D0D182D185900FC5524 /* Products */,
			);
			sourceTree = "<group>";
		};
		70953D0D182D185900FC5524 /* Products */ = {
			isa = PBXGroup;
			children = (
				70953D0C182D185900FC5524 /* MySQL-linux */,
			);
			name = Products;
			sourceTree = "<group>";
		};
		70953D0E182D185900FC5524 /* MySQL-linux */ = {
			isa = PBXGroup;
			children = (
				70953D0F182D185900FC5524 /* main.cpp */,
				70953D11182D185900FC5524 /* MySQL_linux.1 */,
			);
			path = "MySQL-linux";
			sourceTree = "<group>";
		};
/* End PBXGroup section */

/* Begin PBXNativeTarget section */
		70953D0B182D185900FC5524 /* MySQL-linux */ = {
			isa = PBXNativeTarget;
			buildConfigurationList = 70953D15182D185900FC5524 /* Build configuration list for PBXNativeTarget "MySQL-linux" */;
			buildPhases = (
				70953D08182D185900FC5524 /* Sources */,
				70953D09182D185900FC5524 /* Frameworks */,
				70953D0A182D185900FC5524 /* CopyFiles */,
			);
			buildRules = (
			);
			dependencies = (
			);
			name = "MySQL-linux";
			productName = "MySQL-linux";
			productReference = 70953D0C182D185900FC5524 /* MySQL-linux */;
			productType = "com.apple.product-type.tool";
		};
/* End PBXNativeTarget section */

/* Begin PBXProject section */
		70953D04182D185900FC5524 /* Project object */ = {
			isa = PBXProject;
			attributes = {
				LastUpgradeCheck = 0500;
				ORGANIZATIONNAME = taowei;
			};
			buildConfigurationList = 70953D07182D185900FC5524 /* Build configuration list for PBXProject "MySQL-linux" */;
			compatibilityVersion = "Xcode 3.2";
			developmentRegion = English;
			hasScannedForEncodings = 0;
			knownRegions = (
				en,
			);
			mainGroup = 70953D03182D185900FC5524;
			productRefGroup = 70953D0D182D185900FC5524 /* Products */;
			projectDirPath = "";
			projectRoot = "";
			targets = (
				70953D0B182D185900FC5524 /* MySQL-linux */,
			);
		};
/* End PBXProject section */

/* Begin PBXSourcesBuildPhase section */
		70953D08182D185900FC5524 /* Sources */ = {
			isa = PBXSourcesBuildPhase;
			buildActionMask = 2147483647;
			files = (
				70953D10182D185900FC5524 /* main.cpp in Sources */,
			);
			runOnlyForDeploymentPostprocessing = 0;
		};
/* End PBXSourcesBuildPhase section */

/* Begin XCBuildConfiguration section */
		70953D13182D185900FC5524 /* Debug */ = {
			isa = XCBuildConfiguration;
			buildSettings = {
				ALWAYS_SEARCH_USER_PATHS = NO;
				CLANG_CXX_LANGUAGE_STANDARD = "gnu++0x";
				CLANG_CXX_LIBRARY = "libc++";
				CLANG_ENABLE_OBJC_ARC = YES;
				CLANG_WARN_BOOL_CONVERSION = YES;
				CLANG_WARN_CONSTANT_CONVERSION = YES;
				CLANG_WARN_DIRECT_OBJC_ISA_USAGE = YES_ERROR;
				CLANG_WARN_EMPTY_BODY = YES;
				CLANG_WARN_ENUM_CONVERSION = YES;
				CLANG_WARN_INT_CONVERSION = YES;
				CLANG_WARN_OBJC_ROOT_CLASS = YES_ERROR;
				CLANG_WARN__DUPLICATE_METHOD_MATCH = YES;
				COPY_PHASE_STRIP = NO;
				GCC_C_LANGUAGE_STANDARD = gnu99;
				GCC_DYNAMIC_NO_PIC = NO;
				GCC_ENABLE_OBJC_EXCEPTIONS = YES;
				GCC_OPTIMIZATION_LEVEL = 0;
				GCC_PREPROCESSOR_DEFINITIONS = (
					"DEBUG=1",
					"$(inherited)",
				);
				GCC_SYMBOLS_PRIVATE_EXTERN = NO;
				GCC_WARN_64_TO_32_BIT_CONVERSION = YES;
				GCC_WARN_ABOUT_RETURN_TYPE = YES_ERROR;
				GCC_WARN_UNDECLARED_SELECTOR = YES;
				GCC_WARN_UNINITIALIZED_AUTOS = YES;
				GCC_WARN_UNUSED_FUNCTION = YES;
				GCC_WARN_UNUSED_VARIABLE = YES;
				MACOSX_DEPLOYMENT_TARGET = 10.9;
				ONLY_ACTIVE_ARCH = YES;
				SDKROOT = macosx;
			};
			name = Debug;
		};
		70953D14182D185900FC5524 /* Release */ = {
			isa = XCBuildConfiguration;
			buildSettings = {
				ALWAYS_SEARCH_USER_PATHS = NO;
				CLANG_CXX_LANGUAGE_STANDARD = "gnu++0x";
				CLANG_CXX_LIBRARY = "libc++";
				CLANG_ENABLE_OBJC_ARC = YES;
				CLANG_WARN_BOOL_CONVERSION = YES;
				CLANG_WARN_CONSTANT_CONVERSION = YES;
				CLANG_WARN_DIRECT_OBJC_ISA_USAGE = YES_ERROR;
				CLANG_WARN_EMPTY_BODY = YES;
				CLANG_WARN_ENUM_CONVERSION = YES;
				CLANG_WARN_INT_CONVERSION = YES;
				CLANG_WARN_OBJC_ROOT_CLASS = YES_ERROR;
				CLANG_WARN__DUPLICATE_METHOD_MATCH = YES;
				COPY_PHASE_STRIP = YES;
				DEBUG_INFORMATION_FORMAT = "dwarf-with-dsym";
				ENABLE_NS_ASSERTIONS = NO;
				GCC_C_LANGUAGE_STANDARD = gnu99;
				GCC_ENABLE_OBJC_EXCEPTIONS = YES;
				GCC_WARN_64_TO_32_BIT_CONVERSION = YES;
				GCC_WARN_ABOUT_RETURN_TYPE = YES_ERROR;
				GCC_WARN_UNDECLARED_SELECTOR = YES;
				GCC_WARN_UNINITIALIZED_AUTOS = YES;
				GCC_WARN_UNUSED_FUNCTION = YES;
				GCC_WARN_UNUSED_VARIABLE = YES;
				MACOSX_DEPLOYMENT_TARGET = 10.9;
				SDKROOT = macosx;
			};
			name = Release;
		};
		70953D16182D185900FC5524 /* Debug */ = {
			isa = XCBuildConfiguration;
			buildSettings = {
				PRODUCT_NAME = "$(TARGET_NAME)";
			};
			name = Debug;
		};
		70953D17182D185900FC5524 /* Release */ = {
			isa = XCBuildConfiguration;
			buildSettings = {
				PRODUCT_NAME = "$(TARGET_NAME)";
			};
			name = Release;
		};
/* End XCBuildConfiguration section */

/* Begin XCConfigurationList section */
		70953D07182D185900FC5524 /* Build configuration list for PBXProject "MySQL-linux" */ = {
			isa = XCConfigurationList;
			buildConfigurations = (
				70953D13182D185900FC5524 /* Debug */,
				70953D14182D185900FC5524 /* Release */,
			);
			defaultConfigurationIsVisible = 0;
			defaultConfigurationName = Release;
		};
		70953D15182D185900FC5524 /* Build configuration list for PBXNativeTarget "MySQL-linux" */ = {
			isa = XCConfigurationList;
			buildConfigurations = (
				70953D16182D185900FC5524 /* Debug */,
				70953D17182D185900FC5524 /* Release */,
			);
			defaultConfigurationIsVisible = 0;
		};
/* End XCConfigurationList section */
	};
	rootObject = 70953D04182D185900FC5524 /* Project object */;
}
